
Microsoft Visual Studio Solution File, Format Version 12.00
# Visual Studio Version 17
VisualStudioVersion = 17.5.33627.172
MinimumVisualStudioVersion = 10.0.40219.1
Project("{FAE04EC0-301F-11D3-BF4B-00C04F79EFBC}") = "plaingCube", "nacteniObrazku.Android\plaingCube.csproj", "{2B51ED7D-6C28-43DC-B1C3-2BCD0DE955CE}"
EndProject
Project("{FAE04EC0-301F-11D3-BF4B-00C04F79EFBC}") = "nacteniObrazku.iOS", "nacteniObrazku.iOS\nacteniObrazku.iOS.csproj", "{0DB4FD4F-960B-497F-B958-12D1BEF8C343}"
EndProject
Project("{9A19103F-16F7-4668-BE54-9A1E7A4F7556}") = "playingCube", "nacteniObrazku\playingCube.csproj", "{5242E809-4CC5-42A7-B8B1-51F0B1EF6C01}"
EndProject
Global
	GlobalSection(SolutionConfigurationPlatforms) = preSolution
		Debug|Any CPU = Debug|Any CPU
		Debug|iPhone = Debug|iPhone
		Debug|iPhoneSimulator = Debug|iPhoneSimulator
		Release|Any CPU = Release|Any CPU
		Release|iPhone = Release|iPhone
		Release|iPhoneSimulator = Release|iPhoneSimulator
	EndGlobalSection
	GlobalSection(ProjectConfigurationPlatforms) = postSolution
		{2B51ED7D-6C28-43DC-B1C3-2BCD0DE955CE}.Debug|Any CPU.ActiveCfg = Debug|Any CPU
		{2B51ED7D-6C28-43DC-B1C3-2BCD0DE955CE}.Debug|Any CPU.Build.0 = Debug|Any CPU
		{2B51ED7D-6C28-43DC-B1C3-2BCD0DE955CE}.Debug|Any CPU.Deploy.0 = Debug|Any CPU
		{2B51ED7D-6C28-43DC-B1C3-2BCD0DE955CE}.Debug|iPhone.ActiveCfg = Debug|Any CPU
		{2B51ED7D-6C28-43DC-B1C3-2BCD0DE955CE}.Debug|iPhone.Build.0 = Debug|Any CPU
		{2B51ED7D-6C28-43DC-B1C3-2BCD0DE955CE}.Debug|iPhone.Deploy.0 = Debug|Any CPU
		{2B51ED7D-6C28-43DC-B1C3-2BCD0DE955CE}.Debug|iPhoneSimulator.ActiveCfg = Debug|Any CPU
		{2B51ED7D-6C28-43DC-B1C3-2BCD0DE955CE}.Debug|iPhoneSimulator.Build.0 = Debug|Any CPU
		{2B51ED7D-6C28-43DC-B1C3-2BCD0DE955CE}.Debug|iPhoneSimulator.Deploy.0 = Debug|Any CPU
		{2B51ED7D-6C28-43DC-B1C3-2BCD0DE955CE}.Release|Any CPU.ActiveCfg = Release|Any CPU
		{2B51ED7D-6C28-43DC-B1C3-2BCD0DE955CE}.Release|Any CPU.Build.0 = Release|Any CPU
		{2B51ED7D-6C28-43DC-B1C3-2BCD0DE955CE}.Release|Any CPU.Deploy.0 = Release|Any CPU
		{2B51ED7D-6C28-43DC-B1C3-2BCD0DE955CE}.Release|iPhone.ActiveCfg = Release|Any CPU
		{2B51ED7D-6C28-43DC-B1C3-2BCD0DE955CE}.Release|iPhone.Build.0 = Release|Any CPU
		{2B51ED7D-6C28-43DC-B1C3-2BCD0DE955CE}.Release|iPhone.Deploy.0 = Release|Any CPU
		{2B51ED7D-6C28-43DC-B1C3-2BCD0DE955CE}.Release|iPhoneSimulator.ActiveCfg = Release|Any CPU
		{2B51ED7D-6C28-43DC-B1C3-2BCD0DE955CE}.Release|iPhoneSimulator.Build.0 = Release|Any CPU
		{2B51ED7D-6C28-43DC-B1C3-2BCD0DE955CE}.Release|iPhoneSimulator.Deploy.0 = Release|Any CPU
		{0DB4FD4F-960B-497F-B958-12D1BEF8C343}.Debug|Any CPU.ActiveCfg = Debug|iPhone
		{0DB4FD4F-960B-497F-B958-12D1BEF8C343}.Debug|Any CPU.Build.0 = Debug|iPhone
		{0DB4FD4F-960B-497F-B958-12D1BEF8C343}.Debug|Any CPU.Deploy.0 = Debug|iPhone
		{0DB4FD4F-960B-497F-B958-12D1BEF8C343}.Debug|iPhone.ActiveCfg = Debug|iPhone
		{0DB4FD4F-960B-497F-B958-12D1BEF8C343}.Debug|iPhone.Build.0 = Debug|iPhone
		{0DB4FD4F-960B-497F-B958-12D1BEF8C343}.Debug|iPhone.Deploy.0 = Debug|iPhone
		{0DB4FD4F-960B-497F-B958-12D1BEF8C343}.Debug|iPhoneSimulator.ActiveCfg = Debug|iPhoneSimulator
		{0DB4FD4F-960B-497F-B958-12D1BEF8C343}.Debug|iPhoneSimulator.Build.0 = Debug|iPhoneSimulator
		{0DB4FD4F-960B-497F-B958-12D1BEF8C343}.Debug|iPhoneSimulator.Deploy.0 = Debug|iPhoneSimulator
		{0DB4FD4F-960B-497F-B958-12D1BEF8C343}.Release|Any CPU.ActiveCfg = Release|iPhoneSimulator
		{0DB4FD4F-960B-497F-B958-12D1BEF8C343}.Release|Any CPU.Build.0 = Release|iPhoneSimulator
		{0DB4FD4F-960B-497F-B958-12D1BEF8C343}.Release|Any CPU.Deploy.0 = Release|iPhoneSimulator
		{0DB4FD4F-960B-497F-B958-12D1BEF8C343}.Release|iPhone.ActiveCfg = Release|iPhone
		{0DB4FD4F-960B-497F-B958-12D1BEF8C343}.Release|iPhone.Build.0 = Release|iPhone
		{0DB4FD4F-960B-497F-B958-12D1BEF8C343}.Release|iPhone.Deploy.0 = Release|iPhone
		{0DB4FD4F-960B-497F-B958-12D1BEF8C343}.Release|iPhoneSimulator.ActiveCfg = Release|iPhoneSimulator
		{0DB4FD4F-960B-497F-B958-12D1BEF8C343}.Release|iPhoneSimulator.Build.0 = Release|iPhoneSimulator
		{0DB4FD4F-960B-497F-B958-12D1BEF8C343}.Release|iPhoneSimulator.Deploy.0 = Release|iPhoneSimulator
		{5242E809-4CC5-42A7-B8B1-51F0B1EF6C01}.Debug|Any CPU.ActiveCfg = Debug|Any CPU
		{5242E809-4CC5-42A7-B8B1-51F0B1EF6C01}.Debug|Any CPU.Build.0 = Debug|Any CPU
		{5242E809-4CC5-42A7-B8B1-51F0B1EF6C01}.Debug|Any CPU.Deploy.0 = Debug|Any CPU
		{5242E809-4CC5-42A7-B8B1-51F0B1EF6C01}.Debug|iPhone.ActiveCfg = Debug|Any CPU
		{5242E809-4CC5-42A7-B8B1-51F0B1EF6C01}.Debug|iPhone.Build.0 = Debug|Any CPU
		{5242E809-4CC5-42A7-B8B1-51F0B1EF6C01}.Debug|iPhone.Deploy.0 = Debug|Any CPU
		{5242E809-4CC5-42A7-B8B1-51F0B1EF6C01}.Debug|iPhoneSimulator.ActiveCfg = Debug|Any CPU
		{5242E809-4CC5-42A7-B8B1-51F0B1EF6C01}.Debug|iPhoneSimulator.Build.0 = Debug|Any CPU
		{5242E809-4CC5-42A7-B8B1-51F0B1EF6C01}.Debug|iPhoneSimulator.Deploy.0 = Debug|Any CPU
		{5242E809-4CC5-42A7-B8B1-51F0B1EF6C01}.Release|Any CPU.ActiveCfg = Release|Any CPU
		{5242E809-4CC5-42A7-B8B1-51F0B1EF6C01}.Release|Any CPU.Build.0 = Release|Any CPU
		{5242E809-4CC5-42A7-B8B1-51F0B1EF6C01}.Release|Any CPU.Deploy.0 = Release|Any CPU
		{5242E809-4CC5-42A7-B8B1-51F0B1EF6C01}.Release|iPhone.ActiveCfg = Release|Any CPU
		{5242E809-4CC5-42A7-B8B1-51F0B1EF6C01}.Release|iPhone.Build.0 = Release|Any CPU
		{5242E809-4CC5-42A7-B8B1-51F0B1EF6C01}.Release|iPhone.Deploy.0 = Release|Any CPU
		{5242E809-4CC5-42A7-B8B1-51F0B1EF6C01}.Release|iPhoneSimulator.ActiveCfg = Release|Any CPU
		{5242E809-4CC5-42A7-B8B1-51F0B1EF6C01}.Release|iPhoneSimulator.Build.0 = Release|Any CPU
		{5242E809-4CC5-42A7-B8B1-51F0B1EF6C01}.Release|iPhoneSimulator.Deploy.0 = Release|Any CPU
	EndGlobalSection
	GlobalSection(SolutionProperties) = preSolution
		HideSolutionNode = FALSE
	EndGlobalSection
	GlobalSection(ExtensibilityGlobals) = postSolution
		SolutionGuid = {EB91732B-5D1D-4FE7-ADED-31088785BB94}
	EndGlobalSection
EndGlobal
