
Microsoft Visual Studio Solution File, Format Version 12.00
# Visual Studio Version 17
VisualStudioVersion = 17.0.32112.339
MinimumVisualStudioVersion = 10.0.40219.1
Project("{FAE04EC0-301F-11D3-BF4B-00C04F79EFBC}") = "ulohaNakladautaOop", "ulohaNakladautaOop.csproj", "{3F8FB067-B0D0-4F72-8974-793B0C206C17}"
EndProject
Project("{2150E333-8FDC-42A3-9474-1A3956D46DE8}") = "Solution Items", "Solution Items", "{03DA00F9-25EC-4EC6-9A45-DFF94D644C5E}"
	ProjectSection(SolutionItems) = preProject
		.editorconfig = .editorconfig
	EndProjectSection
EndProject
Global
	GlobalSection(SolutionConfigurationPlatforms) = preSolution
		Debug|Any CPU = Debug|Any CPU
		Release|Any CPU = Release|Any CPU
	EndGlobalSection
	GlobalSection(ProjectConfigurationPlatforms) = postSolution
		{3F8FB067-B0D0-4F72-8974-793B0C206C17}.Debug|Any CPU.ActiveCfg = Debug|Any CPU
		{3F8FB067-B0D0-4F72-8974-793B0C206C17}.Debug|Any CPU.Build.0 = Debug|Any CPU
		{3F8FB067-B0D0-4F72-8974-793B0C206C17}.Release|Any CPU.ActiveCfg = Release|Any CPU
		{3F8FB067-B0D0-4F72-8974-793B0C206C17}.Release|Any CPU.Build.0 = Release|Any CPU
	EndGlobalSection
	GlobalSection(SolutionProperties) = preSolution
		HideSolutionNode = FALSE
	EndGlobalSection
	GlobalSection(ExtensibilityGlobals) = postSolution
		SolutionGuid = {2012B188-2306-433C-AE8C-7D5A3F4492B2}
	EndGlobalSection
EndGlobal
